<?xml version="1.0" encoding="utf-8"?>
<Project ToolsVersion="4.0" xmlns="http://schemas.microsoft.com/developer/msbuild/2003">
  <ItemGroup>
    <Filter Include="Source Files">
      <UniqueIdentifier>{4FC737F1-C7A5-4376-A066-2A32D752A2FF}</UniqueIdentifier>
      <Extensions>cpp;c;cc;cxx;c++;cppm;ixx;def;odl;idl;hpj;bat;asm;asmx</Extensions>
    </Filter>
    <Filter Include="Header Files">
      <UniqueIdentifier>{93995380-89BD-4b04-88EB-625FBE52EBFB}</UniqueIdentifier>
      <Extensions>h;hh;hpp;hxx;h++;hm;inl;inc;ipp;xsd</Extensions>
    </Filter>
    <Filter Include="Resource Files">
      <UniqueIdentifier>{67DA6AB6-F800-4c08-8B7A-83BB121AAD01}</UniqueIdentifier>
      <Extensions>rc;ico;cur;bmp;dlg;rc2;rct;bin;rgs;gif;jpg;jpeg;jpe;resx;tiff;tif;png;wav;mfcribbon-ms</Extensions>
    </Filter>
    <Filter Include="Header Files\Scene">
      <UniqueIdentifier>{bd88e908-e784-473e-a7c5-b7e2e5aae077}</UniqueIdentifier>
    </Filter>
    <Filter Include="Header Files\Particle">
      <UniqueIdentifier>{53f31817-b24b-4892-a994-0f7ec824c29a}</UniqueIdentifier>
    </Filter>
    <Filter Include="Source Files\Scene">
      <UniqueIdentifier>{cd7b1f8f-0aa8-427a-81ed-2ca507918309}</UniqueIdentifier>
    </Filter>
    <Filter Include="Source Files\Particle">
      <UniqueIdentifier>{e768e950-d0d9-46d1-abdd-a308f7d8ceb2}</UniqueIdentifier>
    </Filter>
    <Filter Include="Header Files\Particle\Mover">
      <UniqueIdentifier>{3401fec2-61b0-4048-be37-4d9a32f98090}</UniqueIdentifier>
    </Filter>
    <Filter Include="Source Files\Particle\Mover">
      <UniqueIdentifier>{735507b1-697f-494d-a971-cbf70105d08a}</UniqueIdentifier>
    </Filter>
    <Filter Include="Header Files\Particle\Colourer">
      <UniqueIdentifier>{f5dc2273-f618-4d0a-b323-506593f6586b}</UniqueIdentifier>
    </Filter>
    <Filter Include="Source Files\Particle\Colourer">
      <UniqueIdentifier>{06b35f99-a08b-4a05-8fdc-fcab86bc6948}</UniqueIdentifier>
    </Filter>
    <Filter Include="Header Files\PostProcessor">
      <UniqueIdentifier>{fd338ba3-8529-464a-af1e-fc28b71053c2}</UniqueIdentifier>
    </Filter>
    <Filter Include="Source Files\PostProcessor">
      <UniqueIdentifier>{cddac9f6-7b65-4cf0-bbe2-ad17cf974f05}</UniqueIdentifier>
    </Filter>
  </ItemGroup>
  <ItemGroup>
    <ClCompile Include="Source.cpp">
      <Filter>Source Files</Filter>
    </ClCompile>
    <ClCompile Include="Screen.cpp">
      <Filter>Source Files</Filter>
    </ClCompile>
    <ClCompile Include="Test.cpp">
      <Filter>Source Files</Filter>
    </ClCompile>
    <ClCompile Include="Scene.cpp">
      <Filter>Source Files\Scene</Filter>
    </ClCompile>
    <ClCompile Include="AnimatingColoursScene.cpp">
      <Filter>Source Files\Scene</Filter>
    </ClCompile>
    <ClCompile Include="PurpleDiagonalsScene.cpp">
      <Filter>Source Files\Scene</Filter>
    </ClCompile>
    <ClCompile Include="Particle.cpp">
      <Filter>Source Files\Particle</Filter>
    </ClCompile>
    <ClCompile Include="Swarm.cpp">
      <Filter>Source Files\Particle</Filter>
    </ClCompile>
    <ClCompile Include="ParticleSwarmScene.cpp">
      <Filter>Source Files\Scene</Filter>
    </ClCompile>
    <ClCompile Include="AnimatedParticlesSwarmScene.cpp">
      <Filter>Source Files\Scene</Filter>
    </ClCompile>
    <ClCompile Include="Mover.cpp">
      <Filter>Source Files\Particle\Mover</Filter>
    </ClCompile>
    <ClCompile Include="RandShakeMover.cpp">
      <Filter>Source Files\Particle\Mover</Filter>
    </ClCompile>
    <ClCompile Include="ExplosionScene.cpp">
      <Filter>Source Files\Scene</Filter>
    </ClCompile>
    <ClCompile Include="ConstantSpeedMover.cpp">
      <Filter>Source Files\Particle\Mover</Filter>
    </ClCompile>
    <ClCompile Include="RandHelper.cpp">
      <Filter>Source Files</Filter>
    </ClCompile>
    <ClCompile Include="Colourer.cpp">
      <Filter>Source Files\Particle\Colourer</Filter>
    </ClCompile>
    <ClCompile Include="ColouredExplosionScene.cpp">
      <Filter>Source Files\Scene</Filter>
    </ClCompile>
    <ClCompile Include="SolidColourer.cpp">
      <Filter>Source Files\Particle\Colourer</Filter>
    </ClCompile>
    <ClCompile Include="TimeAwareMover.cpp">
      <Filter>Source Files\Particle\Mover</Filter>
    </ClCompile>
    <ClCompile Include="RandGradientColourer.cpp">
      <Filter>Source Files\Particle\Colourer</Filter>
    </ClCompile>
    <ClCompile Include="ColourHelper.cpp">
      <Filter>Source Files</Filter>
    </ClCompile>
    <ClCompile Include="PostProcessor.cpp">
      <Filter>Source Files\PostProcessor</Filter>
    </ClCompile>
    <ClCompile Include="PostClear.cpp">
      <Filter>Source Files\PostProcessor</Filter>
    </ClCompile>
    <ClCompile Include="PostFade.cpp">
      <Filter>Source Files\PostProcessor</Filter>
    </ClCompile>
  </ItemGroup>
  <ItemGroup>
    <ClInclude Include="Screen.h">
      <Filter>Header Files</Filter>
    </ClInclude>
    <ClInclude Include="Test.h">
      <Filter>Header Files</Filter>
    </ClInclude>
    <ClInclude Include="AnimatingColoursScene.h">
      <Filter>Header Files\Scene</Filter>
    </ClInclude>
    <ClInclude Include="PurpleDiagonalsScene.h">
      <Filter>Header Files\Scene</Filter>
    </ClInclude>
    <ClInclude Include="Scene.h">
      <Filter>Header Files\Scene</Filter>
    </ClInclude>
    <ClInclude Include="Particle.h">
      <Filter>Header Files\Particle</Filter>
    </ClInclude>
    <ClInclude Include="Swarm.h">
      <Filter>Header Files\Particle</Filter>
    </ClInclude>
    <ClInclude Include="ParticleSwarmScene.h">
      <Filter>Header Files\Scene</Filter>
    </ClInclude>
    <ClInclude Include="AnimatedParticlesSwarmScene.h">
      <Filter>Header Files\Scene</Filter>
    </ClInclude>
    <ClInclude Include="Mover.h">
      <Filter>Header Files\Particle\Mover</Filter>
    </ClInclude>
    <ClInclude Include="RandShakeMover.h">
      <Filter>Header Files\Particle\Mover</Filter>
    </ClInclude>
    <ClInclude Include="ExplosionScene.h">
      <Filter>Header Files\Scene</Filter>
    </ClInclude>
    <ClInclude Include="ConstantSpeedMover.h">
      <Filter>Header Files\Particle\Mover</Filter>
    </ClInclude>
    <ClInclude Include="RandHelper.h">
      <Filter>Header Files</Filter>
    </ClInclude>
    <ClInclude Include="TimeAwareMover.h">
      <Filter>Header Files\Particle\Mover</Filter>
    </ClInclude>
    <ClInclude Include="Colourer.h">
      <Filter>Header Files\Particle\Colourer</Filter>
    </ClInclude>
    <ClInclude Include="ColouredExplosionScene.h">
      <Filter>Header Files\Scene</Filter>
    </ClInclude>
    <ClInclude Include="SolidColourer.h">
      <Filter>Header Files\Particle\Colourer</Filter>
    </ClInclude>
    <ClInclude Include="RandGradientColourer.h">
      <Filter>Header Files\Particle\Colourer</Filter>
    </ClInclude>
    <ClInclude Include="ColourHelper.h">
      <Filter>Header Files</Filter>
    </ClInclude>
    <ClInclude Include="PostProcessor.h">
      <Filter>Header Files\PostProcessor</Filter>
    </ClInclude>
    <ClInclude Include="PostClear.h">
      <Filter>Header Files\PostProcessor</Filter>
    </ClInclude>
    <ClInclude Include="PostFade.h">
      <Filter>Header Files\PostProcessor</Filter>
    </ClInclude>
  </ItemGroup>
</Project>